
Microsoft Visual Studio Solution File, Format Version 12.00
# Visual Studio Version 17
VisualStudioVersion = 17.8.34309.116
MinimumVisualStudioVersion = 10.0.40219.1
Project("{FAE04EC0-301F-11D3-BF4B-00C04F79EFBC}") = "SmartBillPosSystem", "SmartBillPosSystem\SmartBillPosSystem.csproj", "{8B362D6A-8962-49E0-ADF2-831B8AD17FA0}"
EndProject
Global
	GlobalSection(SolutionConfigurationPlatforms) = preSolution
		Debug|Any CPU = Debug|Any CPU
		Release|Any CPU = Release|Any CPU
	EndGlobalSection
	GlobalSection(ProjectConfigurationPlatforms) = postSolution
		{8B362D6A-8962-49E0-ADF2-831B8AD17FA0}.Debug|Any CPU.ActiveCfg = Debug|Any CPU
		{8B362D6A-8962-49E0-ADF2-831B8AD17FA0}.Debug|Any CPU.Build.0 = Debug|Any CPU
		{8B362D6A-8962-49E0-ADF2-831B8AD17FA0}.Release|Any CPU.ActiveCfg = Release|Any CPU
		{8B362D6A-8962-49E0-ADF2-831B8AD17FA0}.Release|Any CPU.Build.0 = Release|Any CPU
	EndGlobalSection
	GlobalSection(SolutionProperties) = preSolution
		HideSolutionNode = FALSE
	EndGlobalSection
	GlobalSection(ExtensibilityGlobals) = postSolution
		SolutionGuid = {B556FEE1-2907-44C6-BD3C-5CE2A25E9039}
	EndGlobalSection
EndGlobal
